// !$*UTF8*$!
{
	archiveVersion = 1;
	classes = {
	};
	objectVersion = 46;
	objects = {

/* Begin PBXBuildFile section */
		007F713E619B81D821BEA319 /* ofxFftBasic.cpp in Sources */ = {isa = PBXBuildFile; fileRef = CE67198F2891A8FFEA3686E6 /* ofxFftBasic.cpp */; };
		0546D1A38E13BD319CC9755B /* OscReceivedElements.cpp in Sources */ = {isa = PBXBuildFile; fileRef = 9BF3AA0D4FAA89D0F8A0E545 /* OscReceivedElements.cpp */; };
		0686C38EE993C67B96002FA1 /* kiss_fft.c in Sources */ = {isa = PBXBuildFile; fileRef = 4B053B6F1252BCFCFF0F59AC /* kiss_fft.c */; };
		08C23182D394C53F6ECE6CCC /* easing_terms_of_use.html in Sources */ = {isa = PBXBuildFile; fileRef = 528CB0EB22F0A199A5F479D5 /* easing_terms_of_use.html */; };
		0BFC9C20FD7E3C8D5873AA97 /* ofxMidiIn.cpp in Sources */ = {isa = PBXBuildFile; fileRef = 3DD359247F3ED1550D8BB5C9 /* ofxMidiIn.cpp */; };
		1A86B7721CAEBC6F1C572C45 /* ofxBaseMidi.cpp in Sources */ = {isa = PBXBuildFile; fileRef = 94B3C3C21F92F9310CA90986 /* ofxBaseMidi.cpp */; };
		1DC46FEBBD752B1B5E3799D5 /* ofxRollingCam.cpp in Sources */ = {isa = PBXBuildFile; fileRef = C6E6ACBABD11E244A070497C /* ofxRollingCam.cpp */; };
		29938E05AF78B3DF7A591187 /* ofxFftw.cpp in Sources */ = {isa = PBXBuildFile; fileRef = 5F353204A917F4B2BCEEABE6 /* ofxFftw.cpp */; };
		3679F1563AA32D95AA1B84C0 /* ofxBillboard.cpp in Sources */ = {isa = PBXBuildFile; fileRef = 296FF82C2CE575AB6E91F8D3 /* ofxBillboard.cpp */; };
		3AEFE4FA8AD5C72671AD07F8 /* ofxRtMidiOut.cpp in Sources */ = {isa = PBXBuildFile; fileRef = 712B183BC00EBFFB1EEA5AB8 /* ofxRtMidiOut.cpp */; };
		404E7E04CB1FD3F8232705AD /* RaiseParticles.cpp in Sources */ = {isa = PBXBuildFile; fileRef = 0BFC10D1B151DFF240C8BDCF /* RaiseParticles.cpp */; };
		47741AD4D543009E4DF29CEA /* ofxProcessFFT.cpp in Sources */ = {isa = PBXBuildFile; fileRef = 971B530AB93ACC5065D9489E /* ofxProcessFFT.cpp */; };
		4A148DA231762B6E6A85CE1A /* Timer.cpp in Sources */ = {isa = PBXBuildFile; fileRef = C58955CEE50C54B0F1A581A6 /* Timer.cpp */; };
		4A9A21E8FF2F9966A3C03A3A /* ofxTwistedRibbon.cpp in Sources */ = {isa = PBXBuildFile; fileRef = 88201CDD86313DAF133EDDD1 /* ofxTwistedRibbon.cpp */; };
		4ADB88E2FB52E76A471065DE /* ofxOscParameterSync.cpp in Sources */ = {isa = PBXBuildFile; fileRef = 0AED834CE4DEC5260AF302A2 /* ofxOscParameterSync.cpp */; };
		510CAFE035E576A4E1502D52 /* UdpSocket.cpp in Sources */ = {isa = PBXBuildFile; fileRef = E6DEF695B88BA5FAACEAA937 /* UdpSocket.cpp */; };
		5864AD82E20F15536D054EA3 /* ofxOscMessage.cpp in Sources */ = {isa = PBXBuildFile; fileRef = DF49D76C45D5DB505A234880 /* ofxOscMessage.cpp */; };
		62545D179C94265CA1389D4A /* OscOutboundPacketStream.cpp in Sources */ = {isa = PBXBuildFile; fileRef = 63A47AC60FFAFC3BF093EC0F /* OscOutboundPacketStream.cpp */; };
		631702104AFC104323A9EB79 /* CoreMIDI.framework in Frameworks */ = {isa = PBXBuildFile; fileRef = 81AC32CCCB56FAABA3E1BDE0 /* CoreMIDI.framework */; };
		63D0FD8734D5760B8080C901 /* RtMidi.cpp in Sources */ = {isa = PBXBuildFile; fileRef = ABDEF0ACF05BF28F5C74E008 /* RtMidi.cpp */; };
		63F9FE1D90234FA6DE6F509E /* ofxMidi.cpp in Sources */ = {isa = PBXBuildFile; fileRef = E238CCDE032640E0FEBFAD82 /* ofxMidi.cpp */; };
		640279EE111671BD026CB013 /* ofxOscReceiver.cpp in Sources */ = {isa = PBXBuildFile; fileRef = C2FAC65C491D4231379F3298 /* ofxOscReceiver.cpp */; };
		67FE4C7B15C2F0478C8126C2 /* NetworkingUtils.cpp in Sources */ = {isa = PBXBuildFile; fileRef = 3B361208CD4107E479F04E7B /* NetworkingUtils.cpp */; };
		6DB9E3911BA6216FE1F0E91C /* kiss_fftr.c in Sources */ = {isa = PBXBuildFile; fileRef = DACFE8C08D7F4619176E65D7 /* kiss_fftr.c */; };
		72A929D3561B8232A182ABFC /* ofxOscBundle.cpp in Sources */ = {isa = PBXBuildFile; fileRef = 65EEFA3DA3526E9CDD9C21F9 /* ofxOscBundle.cpp */; };
		7A61C288AE942E5885881232 /* ofxEasyFft.cpp in Sources */ = {isa = PBXBuildFile; fileRef = 67BFC7F21E824F5A7FAC65E0 /* ofxEasyFft.cpp */; };
		83D9F930112E0944444124EE /* ofxMidiOut.cpp in Sources */ = {isa = PBXBuildFile; fileRef = 04F77E5C73A62E2E77C78EC6 /* ofxMidiOut.cpp */; };
		879A251454401BC0B6E4F238 /* OscTypes.cpp in Sources */ = {isa = PBXBuildFile; fileRef = D9BFFBBF4CC43DEE890B3C3E /* OscTypes.cpp */; };
		8F5205AEF8861EF234F0651A /* ofxOscSender.cpp in Sources */ = {isa = PBXBuildFile; fileRef = 81967292BFC87A0144BD32C6 /* ofxOscSender.cpp */; };
		9DBAF4DCB2702F7B7F058D8E /* AttractionParticle.cpp in Sources */ = {isa = PBXBuildFile; fileRef = 97D3070C7725156BB606FC8C /* AttractionParticle.cpp */; };
		A72EABDFCED72E8728E5B8A9 /* ParticleSystem.cpp in Sources */ = {isa = PBXBuildFile; fileRef = 1991F7C61286728A79805701 /* ParticleSystem.cpp */; };
		ADE367465D2A8EBAD4C7A8D9 /* IpEndpointName.cpp in Sources */ = {isa = PBXBuildFile; fileRef = ADD194746185E2DA11468377 /* IpEndpointName.cpp */; };
		B5572EC2F662E2162FC19B1F /* ofxLayer.cpp in Sources */ = {isa = PBXBuildFile; fileRef = 977ABAFA6C4678804BF29DB8 /* ofxLayer.cpp */; };
		BCC8D420CBA9217E437D2D76 /* ofxRtMidiIn.cpp in Sources */ = {isa = PBXBuildFile; fileRef = F634AA6CA2E3C60F3B87B59A /* ofxRtMidiIn.cpp */; };
		C4782ECC372420ACE0615B74 /* OscPrintReceivedElements.cpp in Sources */ = {isa = PBXBuildFile; fileRef = BC8881B3C8C0A1C45F042E7A /* OscPrintReceivedElements.cpp */; };
		C6FE64F74F1EA1D98C8F9847 /* ofxMidiMessage.cpp in Sources */ = {isa = PBXBuildFile; fileRef = C0E7EDA67EDF213FC0E83D17 /* ofxMidiMessage.cpp */; };
		D1BBBFBA2B93F0C4A67651D9 /* ofxLayerManager.cpp in Sources */ = {isa = PBXBuildFile; fileRef = EC3EF2A96E3B6D7FA4EBDF05 /* ofxLayerManager.cpp */; };
		D409288D137DB82107887FFD /* ofxFft.cpp in Sources */ = {isa = PBXBuildFile; fileRef = 32CA89CD22339F4F9433CAF6 /* ofxFft.cpp */; };
		D69A3D69175723C53F4A4740 /* ofxVboParticles.cpp in Sources */ = {isa = PBXBuildFile; fileRef = 7D7B2DAD013E350D4D2FA201 /* ofxVboParticles.cpp */; };
		E4328149138ABC9F0047C5CB /* openFrameworksDebug.a in Frameworks */ = {isa = PBXBuildFile; fileRef = E4328148138ABC890047C5CB /* openFrameworksDebug.a */; };
		E4B69E200A3A1BDC003C02F2 /* main.cpp in Sources */ = {isa = PBXBuildFile; fileRef = E4B69E1D0A3A1BDC003C02F2 /* main.cpp */; };
		E4B69E210A3A1BDC003C02F2 /* ofApp.cpp in Sources */ = {isa = PBXBuildFile; fileRef = E4B69E1E0A3A1BDC003C02F2 /* ofApp.cpp */; };
		EC26F225D807F4F069405924 /* ofxThreadedImageLoader.cpp in Sources */ = {isa = PBXBuildFile; fileRef = 45B576A8B106CBE71564781C /* ofxThreadedImageLoader.cpp */; };
		F6E7D6C01B3F2E112EB0533D /* ofxPostGlitch.cpp in Sources */ = {isa = PBXBuildFile; fileRef = 40C409F696FE990F95E1B9D3 /* ofxPostGlitch.cpp */; };
		F897397E1E38832200E1FBC6 /* LineParticles.cpp in Sources */ = {isa = PBXBuildFile; fileRef = F897397C1E38832200E1FBC6 /* LineParticles.cpp */; };
/* End PBXBuildFile section */

/* Begin PBXContainerItemProxy section */
		E4328147138ABC890047C5CB /* PBXContainerItemProxy */ = {
			isa = PBXContainerItemProxy;
			containerPortal = E4328143138ABC890047C5CB /* openFrameworksLib.xcodeproj */;
			proxyType = 2;
			remoteGlobalIDString = E4B27C1510CBEB8E00536013;
			remoteInfo = openFrameworks;
		};
		E4EEB9AB138B136A00A80321 /* PBXContainerItemProxy */ = {
			isa = PBXContainerItemProxy;
			containerPortal = E4328143138ABC890047C5CB /* openFrameworksLib.xcodeproj */;
			proxyType = 1;
			remoteGlobalIDString = E4B27C1410CBEB8E00536013;
			remoteInfo = openFrameworks;
		};
/* End PBXContainerItemProxy section */

/* Begin PBXCopyFilesBuildPhase section */
		E4C2427710CC5ABF004149E2 /* CopyFiles */ = {
			isa = PBXCopyFilesBuildPhase;
			buildActionMask = 2147483647;
			dstPath = "";
			dstSubfolderSpec = 10;
			files = (
			);
			runOnlyForDeploymentPostprocessing = 0;
		};
/* End PBXCopyFilesBuildPhase section */

/* Begin PBXFileReference section */
		00D6D32B84B099226431108C /* ofxOsc.h */ = {isa = PBXFileReference; explicitFileType = sourcecode.c.h; fileEncoding = 30; name = ofxOsc.h; path = ../../../addons/ofxOsc/src/ofxOsc.h; sourceTree = SOURCE_ROOT; };
		01DC02385ED914C64F7493E2 /* Timer.h */ = {isa = PBXFileReference; explicitFileType = sourcecode.c.h; fileEncoding = 30; name = Timer.h; path = ../../../addons/ofxAnimationPrimitives/src/ofxAnimationPrimitives/Timer.h; sourceTree = SOURCE_ROOT; };
		029684CF678F70F6D3537A29 /* OscOutboundPacketStream.h */ = {isa = PBXFileReference; explicitFileType = sourcecode.c.h; fileEncoding = 30; name = OscOutboundPacketStream.h; path = ../../../addons/ofxOsc/libs/oscpack/src/osc/OscOutboundPacketStream.h; sourceTree = SOURCE_ROOT; };
		04F77E5C73A62E2E77C78EC6 /* ofxMidiOut.cpp */ = {isa = PBXFileReference; explicitFileType = sourcecode.cpp.cpp; fileEncoding = 30; name = ofxMidiOut.cpp; path = ../../../addons/ofxMidi/src/ofxMidiOut.cpp; sourceTree = SOURCE_ROOT; };
		05F6CF127D4A621113D4A62F /* ofxMidi.h */ = {isa = PBXFileReference; explicitFileType = sourcecode.c.h; fileEncoding = 30; name = ofxMidi.h; path = ../../../addons/ofxMidi/src/ofxMidi.h; sourceTree = SOURCE_ROOT; };
		0AED834CE4DEC5260AF302A2 /* ofxOscParameterSync.cpp */ = {isa = PBXFileReference; explicitFileType = sourcecode.cpp.cpp; fileEncoding = 30; name = ofxOscParameterSync.cpp; path = ../../../addons/ofxOsc/src/ofxOscParameterSync.cpp; sourceTree = SOURCE_ROOT; };
		0BFC10D1B151DFF240C8BDCF /* RaiseParticles.cpp */ = {isa = PBXFileReference; explicitFileType = sourcecode.cpp.cpp; fileEncoding = 30; name = RaiseParticles.cpp; path = src/RaiseParticles.cpp; sourceTree = SOURCE_ROOT; };
		12EEE9D27CE619A16C1F8B08 /* Lerp.h */ = {isa = PBXFileReference; explicitFileType = sourcecode.c.h; fileEncoding = 30; name = Lerp.h; path = ../../../addons/ofxAnimationPrimitives/src/ofxAnimationPrimitives/Lerp.h; sourceTree = SOURCE_ROOT; };
		1367CDFEBB1F145FE86CDC2E /* ofxLayerManager.h */ = {isa = PBXFileReference; explicitFileType = sourcecode.c.h; fileEncoding = 30; name = ofxLayerManager.h; path = ../../../addons/ofxLayer/src/ofxLayerManager.h; sourceTree = SOURCE_ROOT; };
		145845FA20EB70D19C0CA052 /* Sequence.h */ = {isa = PBXFileReference; explicitFileType = sourcecode.c.h; fileEncoding = 30; name = Sequence.h; path = ../../../addons/ofxAnimationPrimitives/src/ofxAnimationPrimitives/Sequence.h; sourceTree = SOURCE_ROOT; };
		18BA419E921FA5E8DA97F58E /* Scene1.h */ = {isa = PBXFileReference; explicitFileType = sourcecode.c.h; fileEncoding = 30; name = Scene1.h; path = src/Scene1.h; sourceTree = SOURCE_ROOT; };
		1991F7C61286728A79805701 /* ParticleSystem.cpp */ = {isa = PBXFileReference; explicitFileType = sourcecode.cpp.cpp; fileEncoding = 30; name = ParticleSystem.cpp; path = src/ParticleSystem.cpp; sourceTree = SOURCE_ROOT; };
		1CBD6F883000C78087DD5738 /* _kiss_fft_guts.h */ = {isa = PBXFileReference; explicitFileType = sourcecode.c.h; fileEncoding = 30; name = _kiss_fft_guts.h; path = ../../../addons/ofxFft/libs/kiss/_kiss_fft_guts.h; sourceTree = SOURCE_ROOT; };
		1D59D0A0F46828BE60C71ECD /* CommandQueue.h */ = {isa = PBXFileReference; explicitFileType = sourcecode.c.h; fileEncoding = 30; name = CommandQueue.h; path = ../../../addons/ofxAnimationPrimitives/src/ofxAnimationPrimitives/CommandQueue.h; sourceTree = SOURCE_ROOT; };
		208298154B11456DCD0BE131 /* ofxRtMidiIn.h */ = {isa = PBXFileReference; explicitFileType = sourcecode.c.h; fileEncoding = 30; name = ofxRtMidiIn.h; path = ../../../addons/ofxMidi/src/desktop/ofxRtMidiIn.h; sourceTree = SOURCE_ROOT; };
		20F35AFADAF0068B067E713F /* OscReceivedElements.h */ = {isa = PBXFileReference; explicitFileType = sourcecode.c.h; fileEncoding = 30; name = OscReceivedElements.h; path = ../../../addons/ofxOsc/libs/oscpack/src/osc/OscReceivedElements.h; sourceTree = SOURCE_ROOT; };
		23640F57DF6C4BB6BFC5DA4C /* PacketListener.h */ = {isa = PBXFileReference; explicitFileType = sourcecode.c.h; fileEncoding = 30; name = PacketListener.h; path = ../../../addons/ofxOsc/libs/oscpack/src/ip/PacketListener.h; sourceTree = SOURCE_ROOT; };
		258BD733949A19E1F0702FFA /* ofxThreadedImageLoader.h */ = {isa = PBXFileReference; explicitFileType = sourcecode.c.h; fileEncoding = 30; name = ofxThreadedImageLoader.h; path = ../../../addons/ofxThreadedImageLoader/src/ofxThreadedImageLoader.h; sourceTree = SOURCE_ROOT; };
		25CF3E550020842DDA46C590 /* Constants.h */ = {isa = PBXFileReference; explicitFileType = sourcecode.c.h; fileEncoding = 30; name = Constants.h; path = ../../../addons/ofxAnimationPrimitives/src/ofxAnimationPrimitives/Constants.h; sourceTree = SOURCE_ROOT; };
		296FF82C2CE575AB6E91F8D3 /* ofxBillboard.cpp */ = {isa = PBXFileReference; explicitFileType = sourcecode.cpp.cpp; fileEncoding = 30; name = ofxBillboard.cpp; path = ../../../addons/ofxBillboard/src/ofxBillboard.cpp; sourceTree = SOURCE_ROOT; };
		2C8FF4C0B8B4E24FF783BD26 /* Replicator.h */ = {isa = PBXFileReference; explicitFileType = sourcecode.c.h; fileEncoding = 30; name = Replicator.h; path = ../../../addons/ofxAnimationPrimitives/src/ofxAnimationPrimitives/Replicator.h; sourceTree = SOURCE_ROOT; };
		2D0C0AA4436B2A16530BA991 /* fftw3.h */ = {isa = PBXFileReference; explicitFileType = sourcecode.c.h; fileEncoding = 30; name = fftw3.h; path = ../../../addons/ofxFft/libs/fftw/include/fftw3.h; sourceTree = SOURCE_ROOT; };
		2FD4B0329909D3527F003494 /* UdpSocket.h */ = {isa = PBXFileReference; explicitFileType = sourcecode.c.h; fileEncoding = 30; name = UdpSocket.h; path = ../../../addons/ofxOsc/libs/oscpack/src/ip/UdpSocket.h; sourceTree = SOURCE_ROOT; };
		31304CCD831EB0FC889D69C9 /* ofxGlobalContext.h */ = {isa = PBXFileReference; explicitFileType = sourcecode.c.h; fileEncoding = 30; name = ofxGlobalContext.h; path = ../../../addons/ofxGlobalContext/src/ofxGlobalContext.h; sourceTree = SOURCE_ROOT; };
		32CA89CD22339F4F9433CAF6 /* ofxFft.cpp */ = {isa = PBXFileReference; explicitFileType = sourcecode.cpp.cpp; fileEncoding = 30; name = ofxFft.cpp; path = ../../../addons/ofxFft/src/ofxFft.cpp; sourceTree = SOURCE_ROOT; };
		3B361208CD4107E479F04E7B /* NetworkingUtils.cpp */ = {isa = PBXFileReference; explicitFileType = sourcecode.cpp.cpp; fileEncoding = 30; name = NetworkingUtils.cpp; path = ../../../addons/ofxOsc/libs/oscpack/src/ip/posix/NetworkingUtils.cpp; sourceTree = SOURCE_ROOT; };
		3DD359247F3ED1550D8BB5C9 /* ofxMidiIn.cpp */ = {isa = PBXFileReference; explicitFileType = sourcecode.cpp.cpp; fileEncoding = 30; name = ofxMidiIn.cpp; path = ../../../addons/ofxMidi/src/ofxMidiIn.cpp; sourceTree = SOURCE_ROOT; };
		40274C8AE6138567094470F5 /* Composition.h */ = {isa = PBXFileReference; explicitFileType = sourcecode.c.h; fileEncoding = 30; name = Composition.h; path = ../../../addons/ofxAnimationPrimitives/src/ofxAnimationPrimitives/Composition.h; sourceTree = SOURCE_ROOT; };
		40C409F696FE990F95E1B9D3 /* ofxPostGlitch.cpp */ = {isa = PBXFileReference; explicitFileType = sourcecode.cpp.cpp; fileEncoding = 30; name = ofxPostGlitch.cpp; path = ../../../addons/ofxPostGlitch/src/ofxPostGlitch.cpp; sourceTree = SOURCE_ROOT; };
		4310BEFDE24FF04FEBEE8086 /* ofxBaseMidi.h */ = {isa = PBXFileReference; explicitFileType = sourcecode.c.h; fileEncoding = 30; name = ofxBaseMidi.h; path = ../../../addons/ofxMidi/src/ofxBaseMidi.h; sourceTree = SOURCE_ROOT; };
		444657A12E59D0ED86981498 /* TimerListener.h */ = {isa = PBXFileReference; explicitFileType = sourcecode.c.h; fileEncoding = 30; name = TimerListener.h; path = ../../../addons/ofxOsc/libs/oscpack/src/ip/TimerListener.h; sourceTree = SOURCE_ROOT; };
		45B576A8B106CBE71564781C /* ofxThreadedImageLoader.cpp */ = {isa = PBXFileReference; explicitFileType = sourcecode.cpp.cpp; fileEncoding = 30; name = ofxThreadedImageLoader.cpp; path = ../../../addons/ofxThreadedImageLoader/src/ofxThreadedImageLoader.cpp; sourceTree = SOURCE_ROOT; };
		470CF04F1D4D1B38D5AA1797 /* ofxRtMidiOut.h */ = {isa = PBXFileReference; explicitFileType = sourcecode.c.h; fileEncoding = 30; name = ofxRtMidiOut.h; path = ../../../addons/ofxMidi/src/desktop/ofxRtMidiOut.h; sourceTree = SOURCE_ROOT; };
		48974F980F51769171D0B2F5 /* IpEndpointName.h */ = {isa = PBXFileReference; explicitFileType = sourcecode.c.h; fileEncoding = 30; name = IpEndpointName.h; path = ../../../addons/ofxOsc/libs/oscpack/src/ip/IpEndpointName.h; sourceTree = SOURCE_ROOT; };
		4B053B6F1252BCFCFF0F59AC /* kiss_fft.c */ = {isa = PBXFileReference; explicitFileType = sourcecode.c.c; fileEncoding = 30; name = kiss_fft.c; path = ../../../addons/ofxFft/libs/kiss/kiss_fft.c; sourceTree = SOURCE_ROOT; };
		4B809AAB1D4CAF16D81F66DE /* ofxRollingCam.h */ = {isa = PBXFileReference; explicitFileType = sourcecode.c.h; fileEncoding = 30; name = ofxRollingCam.h; path = ../../../addons/ofxRollingCam/src/ofxRollingCam.h; sourceTree = SOURCE_ROOT; };
		4E95FB446A9C9C6F0DE12D75 /* OscPrintReceivedElements.h */ = {isa = PBXFileReference; explicitFileType = sourcecode.c.h; fileEncoding = 30; name = OscPrintReceivedElements.h; path = ../../../addons/ofxOsc/libs/oscpack/src/osc/OscPrintReceivedElements.h; sourceTree = SOURCE_ROOT; };
		528CB0EB22F0A199A5F479D5 /* easing_terms_of_use.html */ = {isa = PBXFileReference; explicitFileType = file; fileEncoding = 30; name = easing_terms_of_use.html; path = ../../../addons/ofxEasing/src/easing_terms_of_use.html; sourceTree = SOURCE_ROOT; };
		5316EE4C2D942D6E72455319 /* AttractionParticle.h */ = {isa = PBXFileReference; explicitFileType = sourcecode.c.h; fileEncoding = 30; name = AttractionParticle.h; path = src/AttractionParticle.h; sourceTree = SOURCE_ROOT; };
		53F9B696448F8A656854CB7F /* Easing.h */ = {isa = PBXFileReference; explicitFileType = sourcecode.c.h; fileEncoding = 30; name = Easing.h; path = ../../../addons/ofxAnimationPrimitives/src/ofxAnimationPrimitives/Easing.h; sourceTree = SOURCE_ROOT; };
		5CD1EA7A89723FB980E4AF3A /* L-ParticleSystem.h */ = {isa = PBXFileReference; explicitFileType = sourcecode.c.h; fileEncoding = 30; name = "L-ParticleSystem.h"; path = "src/L-ParticleSystem.h"; sourceTree = SOURCE_ROOT; };
		5F353204A917F4B2BCEEABE6 /* ofxFftw.cpp */ = {isa = PBXFileReference; explicitFileType = sourcecode.cpp.cpp; fileEncoding = 30; name = ofxFftw.cpp; path = ../../../addons/ofxFft/src/ofxFftw.cpp; sourceTree = SOURCE_ROOT; };
		602950C456DF1C4803CB15F7 /* Layer0.h */ = {isa = PBXFileReference; explicitFileType = sourcecode.c.h; fileEncoding = 30; name = Layer0.h; path = src/Layer0.h; sourceTree = SOURCE_ROOT; };
		63A47AC60FFAFC3BF093EC0F /* OscOutboundPacketStream.cpp */ = {isa = PBXFileReference; explicitFileType = sourcecode.cpp.cpp; fileEncoding = 30; name = OscOutboundPacketStream.cpp; path = ../../../addons/ofxOsc/libs/oscpack/src/osc/OscOutboundPacketStream.cpp; sourceTree = SOURCE_ROOT; };
		65C18F11B82627EAA879321F /* ofxAnimationPrimitives.h */ = {isa = PBXFileReference; explicitFileType = sourcecode.c.h; fileEncoding = 30; name = ofxAnimationPrimitives.h; path = ../../../addons/ofxAnimationPrimitives/src/ofxAnimationPrimitives.h; sourceTree = SOURCE_ROOT; };
		65EEFA3DA3526E9CDD9C21F9 /* ofxOscBundle.cpp */ = {isa = PBXFileReference; explicitFileType = sourcecode.cpp.cpp; fileEncoding = 30; name = ofxOscBundle.cpp; path = ../../../addons/ofxOsc/src/ofxOscBundle.cpp; sourceTree = SOURCE_ROOT; };
		67BFC7F21E824F5A7FAC65E0 /* ofxEasyFft.cpp */ = {isa = PBXFileReference; explicitFileType = sourcecode.cpp.cpp; fileEncoding = 30; name = ofxEasyFft.cpp; path = ../../../addons/ofxFft/src/ofxEasyFft.cpp; sourceTree = SOURCE_ROOT; };
		67DBED026597C0EE427F0379 /* ofxPostGlitch.h */ = {isa = PBXFileReference; explicitFileType = sourcecode.c.h; fileEncoding = 30; name = ofxPostGlitch.h; path = ../../../addons/ofxPostGlitch/src/ofxPostGlitch.h; sourceTree = SOURCE_ROOT; };
		6B65E6930994CC4B2D2B8B33 /* OscPacketListener.h */ = {isa = PBXFileReference; explicitFileType = sourcecode.c.h; fileEncoding = 30; name = OscPacketListener.h; path = ../../../addons/ofxOsc/libs/oscpack/src/osc/OscPacketListener.h; sourceTree = SOURCE_ROOT; };
		712B183BC00EBFFB1EEA5AB8 /* ofxRtMidiOut.cpp */ = {isa = PBXFileReference; explicitFileType = sourcecode.cpp.cpp; fileEncoding = 30; name = ofxRtMidiOut.cpp; path = ../../../addons/ofxMidi/src/desktop/ofxRtMidiOut.cpp; sourceTree = SOURCE_ROOT; };
		762CB88F42BA9CABAA232DBC /* coroutine.hpp */ = {isa = PBXFileReference; explicitFileType = sourcecode.c.h; fileEncoding = 30; name = coroutine.hpp; path = ../../../addons/ofxAnimationPrimitives/src/ofxAnimationPrimitives/detail/coroutine.hpp; sourceTree = SOURCE_ROOT; };
		7689F8A0F3D0B7635A8C3104 /* ofxOscArg.h */ = {isa = PBXFileReference; explicitFileType = sourcecode.c.h; fileEncoding = 30; name = ofxOscArg.h; path = ../../../addons/ofxOsc/src/ofxOscArg.h; sourceTree = SOURCE_ROOT; };
		7D3BE1A2ADAFC399E7B20A91 /* ofxFftBasic.h */ = {isa = PBXFileReference; explicitFileType = sourcecode.c.h; fileEncoding = 30; name = ofxFftBasic.h; path = ../../../addons/ofxFft/src/ofxFftBasic.h; sourceTree = SOURCE_ROOT; };
		7D7B2DAD013E350D4D2FA201 /* ofxVboParticles.cpp */ = {isa = PBXFileReference; explicitFileType = sourcecode.cpp.cpp; fileEncoding = 30; name = ofxVboParticles.cpp; path = ../../../addons/ofxVboParticles/src/ofxVboParticles.cpp; sourceTree = SOURCE_ROOT; };
		81436E53CC4A77E326F659C3 /* ofxMidiOut.h */ = {isa = PBXFileReference; explicitFileType = sourcecode.c.h; fileEncoding = 30; name = ofxMidiOut.h; path = ../../../addons/ofxMidi/src/ofxMidiOut.h; sourceTree = SOURCE_ROOT; };
		81967292BFC87A0144BD32C6 /* ofxOscSender.cpp */ = {isa = PBXFileReference; explicitFileType = sourcecode.cpp.cpp; fileEncoding = 30; name = ofxOscSender.cpp; path = ../../../addons/ofxOsc/src/ofxOscSender.cpp; sourceTree = SOURCE_ROOT; };
		81AC32CCCB56FAABA3E1BDE0 /* CoreMIDI.framework */ = {isa = PBXFileReference; lastKnownFileType = wrapper.framework; name = CoreMIDI.framework; path = /System/Library/Frameworks/CoreMIDI.framework; sourceTree = "<group>"; };
		82BE59589E15C924AB716707 /* ofxLayer.h */ = {isa = PBXFileReference; explicitFileType = sourcecode.c.h; fileEncoding = 30; name = ofxLayer.h; path = ../../../addons/ofxLayer/src/ofxLayer.h; sourceTree = SOURCE_ROOT; };
		88201CDD86313DAF133EDDD1 /* ofxTwistedRibbon.cpp */ = {isa = PBXFileReference; explicitFileType = sourcecode.cpp.cpp; fileEncoding = 30; name = ofxTwistedRibbon.cpp; path = ../../../addons/ofxTwistedRibbon/src/ofxTwistedRibbon.cpp; sourceTree = SOURCE_ROOT; };
		884D7C409E1969A16112E907 /* L-Attraction.h */ = {isa = PBXFileReference; explicitFileType = sourcecode.c.h; fileEncoding = 30; name = "L-Attraction.h"; path = "src/L-Attraction.h"; sourceTree = SOURCE_ROOT; };
		8B30E93FD3D3475EED522A0E /* ofxOscBundle.h */ = {isa = PBXFileReference; explicitFileType = sourcecode.c.h; fileEncoding = 30; name = ofxOscBundle.h; path = ../../../addons/ofxOsc/src/ofxOscBundle.h; sourceTree = SOURCE_ROOT; };
		8B8B8D43F194094EB60240A9 /* ofxVboParticles.h */ = {isa = PBXFileReference; explicitFileType = sourcecode.c.h; fileEncoding = 30; name = ofxVboParticles.h; path = ../../../addons/ofxVboParticles/src/ofxVboParticles.h; sourceTree = SOURCE_ROOT; };
		8C75AFC8774A62495DD53464 /* ofxOscReceiver.h */ = {isa = PBXFileReference; explicitFileType = sourcecode.c.h; fileEncoding = 30; name = ofxOscReceiver.h; path = ../../../addons/ofxOsc/src/ofxOscReceiver.h; sourceTree = SOURCE_ROOT; };
		8E3D4520E423838085FB5C63 /* L-SimpleSphere.h */ = {isa = PBXFileReference; explicitFileType = sourcecode.c.h; fileEncoding = 30; name = "L-SimpleSphere.h"; path = "src/L-SimpleSphere.h"; sourceTree = SOURCE_ROOT; };
		92288960AB502F1CACECA160 /* ofxTwistedRibbon.h */ = {isa = PBXFileReference; explicitFileType = sourcecode.c.h; fileEncoding = 30; name = ofxTwistedRibbon.h; path = ../../../addons/ofxTwistedRibbon/src/ofxTwistedRibbon.h; sourceTree = SOURCE_ROOT; };
		938214A2795AA8FED29086DB /* ofxMidiConstants.h */ = {isa = PBXFileReference; explicitFileType = sourcecode.c.h; fileEncoding = 30; name = ofxMidiConstants.h; path = ../../../addons/ofxMidi/src/ofxMidiConstants.h; sourceTree = SOURCE_ROOT; };
		94B3C3C21F92F9310CA90986 /* ofxBaseMidi.cpp */ = {isa = PBXFileReference; explicitFileType = sourcecode.cpp.cpp; fileEncoding = 30; name = ofxBaseMidi.cpp; path = ../../../addons/ofxMidi/src/ofxBaseMidi.cpp; sourceTree = SOURCE_ROOT; };
		971B530AB93ACC5065D9489E /* ofxProcessFFT.cpp */ = {isa = PBXFileReference; explicitFileType = sourcecode.cpp.cpp; fileEncoding = 30; name = ofxProcessFFT.cpp; path = ../../../addons/ofxFft/src/ofxProcessFFT.cpp; sourceTree = SOURCE_ROOT; };
		977ABAFA6C4678804BF29DB8 /* ofxLayer.cpp */ = {isa = PBXFileReference; explicitFileType = sourcecode.cpp.cpp; fileEncoding = 30; name = ofxLayer.cpp; path = ../../../addons/ofxLayer/src/ofxLayer.cpp; sourceTree = SOURCE_ROOT; };
		977E7DDA94E88633BE025A78 /* kiss_fftr.h */ = {isa = PBXFileReference; explicitFileType = sourcecode.c.h; fileEncoding = 30; name = kiss_fftr.h; path = ../../../addons/ofxFft/libs/kiss/kiss_fftr.h; sourceTree = SOURCE_ROOT; };
		97D3070C7725156BB606FC8C /* AttractionParticle.cpp */ = {isa = PBXFileReference; explicitFileType = sourcecode.cpp.cpp; fileEncoding = 30; name = AttractionParticle.cpp; path = src/AttractionParticle.cpp; sourceTree = SOURCE_ROOT; };
		98FBF656A0A31A86630667F0 /* Scenes.h */ = {isa = PBXFileReference; explicitFileType = sourcecode.c.h; fileEncoding = 30; name = Scenes.h; path = src/Scenes.h; sourceTree = SOURCE_ROOT; };
		9A2FCCF1ABF23081D2CD9D5F /* ofxProcessFFT.h */ = {isa = PBXFileReference; explicitFileType = sourcecode.c.h; fileEncoding = 30; name = ofxProcessFFT.h; path = ../../../addons/ofxFft/src/ofxProcessFFT.h; sourceTree = SOURCE_ROOT; };
		9B2082C64A4E712462FEE610 /* Scene0.h */ = {isa = PBXFileReference; explicitFileType = sourcecode.c.h; fileEncoding = 30; name = Scene0.h; path = src/Scene0.h; sourceTree = SOURCE_ROOT; };
		9BC0C4355A4E837DD67A7094 /* Layers.h */ = {isa = PBXFileReference; explicitFileType = sourcecode.c.h; fileEncoding = 30; name = Layers.h; path = src/Layers.h; sourceTree = SOURCE_ROOT; };
		9BF3AA0D4FAA89D0F8A0E545 /* OscReceivedElements.cpp */ = {isa = PBXFileReference; explicitFileType = sourcecode.cpp.cpp; fileEncoding = 30; name = OscReceivedElements.cpp; path = ../../../addons/ofxOsc/libs/oscpack/src/osc/OscReceivedElements.cpp; sourceTree = SOURCE_ROOT; };
		9F7986DC4EB05E75FCE2C777 /* ofxOscSender.h */ = {isa = PBXFileReference; explicitFileType = sourcecode.c.h; fileEncoding = 30; name = ofxOscSender.h; path = ../../../addons/ofxOsc/src/ofxOscSender.h; sourceTree = SOURCE_ROOT; };
		A2AAA8CA403479E6FCDF920E /* OscHostEndianness.h */ = {isa = PBXFileReference; explicitFileType = sourcecode.c.h; fileEncoding = 30; name = OscHostEndianness.h; path = ../../../addons/ofxOsc/libs/oscpack/src/osc/OscHostEndianness.h; sourceTree = SOURCE_ROOT; };
		A6F65D3430FD7E893FFF58F3 /* kiss_fft.h */ = {isa = PBXFileReference; explicitFileType = sourcecode.c.h; fileEncoding = 30; name = kiss_fft.h; path = ../../../addons/ofxFft/libs/kiss/kiss_fft.h; sourceTree = SOURCE_ROOT; };
		A8793707281FD436C34316A5 /* RtMidi.h */ = {isa = PBXFileReference; explicitFileType = sourcecode.c.h; fileEncoding = 30; name = RtMidi.h; path = ../../../addons/ofxMidi/libs/rtmidi/RtMidi.h; sourceTree = SOURCE_ROOT; };
		ABDEF0ACF05BF28F5C74E008 /* RtMidi.cpp */ = {isa = PBXFileReference; explicitFileType = sourcecode.cpp.cpp; fileEncoding = 30; name = RtMidi.cpp; path = ../../../addons/ofxMidi/libs/rtmidi/RtMidi.cpp; sourceTree = SOURCE_ROOT; };
		ADD194746185E2DA11468377 /* IpEndpointName.cpp */ = {isa = PBXFileReference; explicitFileType = sourcecode.cpp.cpp; fileEncoding = 30; name = IpEndpointName.cpp; path = ../../../addons/ofxOsc/libs/oscpack/src/ip/IpEndpointName.cpp; sourceTree = SOURCE_ROOT; };
		AE335EB4709BFD4671EEAC84 /* MessageMappingOscPacketListener.h */ = {isa = PBXFileReference; explicitFileType = sourcecode.c.h; fileEncoding = 30; name = MessageMappingOscPacketListener.h; path = ../../../addons/ofxOsc/libs/oscpack/src/osc/MessageMappingOscPacketListener.h; sourceTree = SOURCE_ROOT; };
		B1C641A334878CC35A2A96EF /* ParticleSystem.h */ = {isa = PBXFileReference; explicitFileType = sourcecode.c.h; fileEncoding = 30; name = ParticleSystem.h; path = src/ParticleSystem.h; sourceTree = SOURCE_ROOT; };
		B31C608870ECEB2490A93736 /* ofxOscParameterSync.h */ = {isa = PBXFileReference; explicitFileType = sourcecode.c.h; fileEncoding = 30; name = ofxOscParameterSync.h; path = ../../../addons/ofxOsc/src/ofxOscParameterSync.h; sourceTree = SOURCE_ROOT; };
		B34B0FB29B91D709F3EF56F7 /* ofxLayerConstants.h */ = {isa = PBXFileReference; explicitFileType = sourcecode.c.h; fileEncoding = 30; name = ofxLayerConstants.h; path = ../../../addons/ofxLayer/src/ofxLayerConstants.h; sourceTree = SOURCE_ROOT; };
		B36431C04C788FEDB1ECD8FC /* ofxFft.h */ = {isa = PBXFileReference; explicitFileType = sourcecode.c.h; fileEncoding = 30; name = ofxFft.h; path = ../../../addons/ofxFft/src/ofxFft.h; sourceTree = SOURCE_ROOT; };
		B76FA489151DBAF1616DF378 /* ofxMidiIn.h */ = {isa = PBXFileReference; explicitFileType = sourcecode.c.h; fileEncoding = 30; name = ofxMidiIn.h; path = ../../../addons/ofxMidi/src/ofxMidiIn.h; sourceTree = SOURCE_ROOT; };
		BC8881B3C8C0A1C45F042E7A /* OscPrintReceivedElements.cpp */ = {isa = PBXFileReference; explicitFileType = sourcecode.cpp.cpp; fileEncoding = 30; name = OscPrintReceivedElements.cpp; path = ../../../addons/ofxOsc/libs/oscpack/src/osc/OscPrintReceivedElements.cpp; sourceTree = SOURCE_ROOT; };
		BD0E7AC8BE205034D5B377A6 /* ofxMidiMessage.h */ = {isa = PBXFileReference; explicitFileType = sourcecode.c.h; fileEncoding = 30; name = ofxMidiMessage.h; path = ../../../addons/ofxMidi/src/ofxMidiMessage.h; sourceTree = SOURCE_ROOT; };
		BD650178CFA2813574ABF1EF /* ofxBillboard.h */ = {isa = PBXFileReference; explicitFileType = sourcecode.c.h; fileEncoding = 30; name = ofxBillboard.h; path = ../../../addons/ofxBillboard/src/ofxBillboard.h; sourceTree = SOURCE_ROOT; };
		C0E7EDA67EDF213FC0E83D17 /* ofxMidiMessage.cpp */ = {isa = PBXFileReference; explicitFileType = sourcecode.cpp.cpp; fileEncoding = 30; name = ofxMidiMessage.cpp; path = ../../../addons/ofxMidi/src/ofxMidiMessage.cpp; sourceTree = SOURCE_ROOT; };
		C2FAC65C491D4231379F3298 /* ofxOscReceiver.cpp */ = {isa = PBXFileReference; explicitFileType = sourcecode.cpp.cpp; fileEncoding = 30; name = ofxOscReceiver.cpp; path = ../../../addons/ofxOsc/src/ofxOscReceiver.cpp; sourceTree = SOURCE_ROOT; };
		C58862C6D212C8E8A83810F4 /* ofxOscMessage.h */ = {isa = PBXFileReference; explicitFileType = sourcecode.c.h; fileEncoding = 30; name = ofxOscMessage.h; path = ../../../addons/ofxOsc/src/ofxOscMessage.h; sourceTree = SOURCE_ROOT; };
		C58955CEE50C54B0F1A581A6 /* Timer.cpp */ = {isa = PBXFileReference; explicitFileType = sourcecode.cpp.cpp; fileEncoding = 30; name = Timer.cpp; path = ../../../addons/ofxAnimationPrimitives/src/ofxAnimationPrimitives/Timer.cpp; sourceTree = SOURCE_ROOT; };
		C6937888E126BADC8777423B /* OscTypes.h */ = {isa = PBXFileReference; explicitFileType = sourcecode.c.h; fileEncoding = 30; name = OscTypes.h; path = ../../../addons/ofxOsc/libs/oscpack/src/osc/OscTypes.h; sourceTree = SOURCE_ROOT; };
		C6E6ACBABD11E244A070497C /* ofxRollingCam.cpp */ = {isa = PBXFileReference; explicitFileType = sourcecode.cpp.cpp; fileEncoding = 30; name = ofxRollingCam.cpp; path = ../../../addons/ofxRollingCam/src/ofxRollingCam.cpp; sourceTree = SOURCE_ROOT; };
		C7A40E5429BCB26EB5764F8C /* Context.h */ = {isa = PBXFileReference; explicitFileType = sourcecode.c.h; fileEncoding = 30; name = Context.h; path = src/Context.h; sourceTree = SOURCE_ROOT; };
		CAB67BC7A1CC020FDAC5381B /* ofxEasyFft.h */ = {isa = PBXFileReference; explicitFileType = sourcecode.c.h; fileEncoding = 30; name = ofxEasyFft.h; path = ../../../addons/ofxFft/src/ofxEasyFft.h; sourceTree = SOURCE_ROOT; };
		CE67198F2891A8FFEA3686E6 /* ofxFftBasic.cpp */ = {isa = PBXFileReference; explicitFileType = sourcecode.cpp.cpp; fileEncoding = 30; name = ofxFftBasic.cpp; path = ../../../addons/ofxFft/src/ofxFftBasic.cpp; sourceTree = SOURCE_ROOT; };
		D0DC8E0DF2505697F74B2264 /* Generator.h */ = {isa = PBXFileReference; explicitFileType = sourcecode.c.h; fileEncoding = 30; name = Generator.h; path = ../../../addons/ofxAnimationPrimitives/src/ofxAnimationPrimitives/Generator.h; sourceTree = SOURCE_ROOT; };
		D8952DEFF3CE56AC1009A996 /* ofxFftw.h */ = {isa = PBXFileReference; explicitFileType = sourcecode.c.h; fileEncoding = 30; name = ofxFftw.h; path = ../../../addons/ofxFft/src/ofxFftw.h; sourceTree = SOURCE_ROOT; };
		D9BFFBBF4CC43DEE890B3C3E /* OscTypes.cpp */ = {isa = PBXFileReference; explicitFileType = sourcecode.cpp.cpp; fileEncoding = 30; name = OscTypes.cpp; path = ../../../addons/ofxOsc/libs/oscpack/src/osc/OscTypes.cpp; sourceTree = SOURCE_ROOT; };
		DACFE8C08D7F4619176E65D7 /* kiss_fftr.c */ = {isa = PBXFileReference; explicitFileType = sourcecode.c.c; fileEncoding = 30; name = kiss_fftr.c; path = ../../../addons/ofxFft/libs/kiss/kiss_fftr.c; sourceTree = SOURCE_ROOT; };
		DF49D76C45D5DB505A234880 /* ofxOscMessage.cpp */ = {isa = PBXFileReference; explicitFileType = sourcecode.cpp.cpp; fileEncoding = 30; name = ofxOscMessage.cpp; path = ../../../addons/ofxOsc/src/ofxOscMessage.cpp; sourceTree = SOURCE_ROOT; };
		E16BB73D19DD0713FDCC7986 /* ofxMidiTypes.h */ = {isa = PBXFileReference; explicitFileType = sourcecode.c.h; fileEncoding = 30; name = ofxMidiTypes.h; path = ../../../addons/ofxMidi/src/ofxMidiTypes.h; sourceTree = SOURCE_ROOT; };
		E238CCDE032640E0FEBFAD82 /* ofxMidi.cpp */ = {isa = PBXFileReference; explicitFileType = sourcecode.cpp.cpp; fileEncoding = 30; name = ofxMidi.cpp; path = ../../../addons/ofxMidi/src/ofxMidi.cpp; sourceTree = SOURCE_ROOT; };
		E4328143138ABC890047C5CB /* openFrameworksLib.xcodeproj */ = {isa = PBXFileReference; lastKnownFileType = "wrapper.pb-project"; name = openFrameworksLib.xcodeproj; path = ../../../libs/openFrameworksCompiled/project/osx/openFrameworksLib.xcodeproj; sourceTree = SOURCE_ROOT; };
		E4B69B5B0A3A1756003C02F2 /* LiveSet01Debug.app */ = {isa = PBXFileReference; explicitFileType = wrapper.application; includeInIndex = 0; name = LiveSet01Debug.app; path = LiveSet02Debug.app; sourceTree = BUILT_PRODUCTS_DIR; };
		E4B69E1D0A3A1BDC003C02F2 /* main.cpp */ = {isa = PBXFileReference; fileEncoding = 30; lastKnownFileType = sourcecode.cpp.cpp; name = main.cpp; path = src/main.cpp; sourceTree = SOURCE_ROOT; };
		E4B69E1E0A3A1BDC003C02F2 /* ofApp.cpp */ = {isa = PBXFileReference; explicitFileType = sourcecode.cpp.cpp; fileEncoding = 30; name = ofApp.cpp; path = src/ofApp.cpp; sourceTree = SOURCE_ROOT; };
		E4B69E1F0A3A1BDC003C02F2 /* ofApp.h */ = {isa = PBXFileReference; fileEncoding = 30; lastKnownFileType = sourcecode.c.h; name = ofApp.h; path = src/ofApp.h; sourceTree = SOURCE_ROOT; };
		E4B6FCAD0C3E899E008CF71C /* openFrameworks-Info.plist */ = {isa = PBXFileReference; fileEncoding = 30; lastKnownFileType = text.plist.xml; path = "openFrameworks-Info.plist"; sourceTree = "<group>"; };
		E4EB691F138AFCF100A09F29 /* CoreOF.xcconfig */ = {isa = PBXFileReference; fileEncoding = 4; lastKnownFileType = text.xcconfig; name = CoreOF.xcconfig; path = ../../../libs/openFrameworksCompiled/project/osx/CoreOF.xcconfig; sourceTree = SOURCE_ROOT; };
		E4EB6923138AFD0F00A09F29 /* Project.xcconfig */ = {isa = PBXFileReference; fileEncoding = 4; lastKnownFileType = text.xcconfig; path = Project.xcconfig; sourceTree = "<group>"; };
		E6DEF695B88BA5FAACEAA937 /* UdpSocket.cpp */ = {isa = PBXFileReference; explicitFileType = sourcecode.cpp.cpp; fileEncoding = 30; name = UdpSocket.cpp; path = ../../../addons/ofxOsc/libs/oscpack/src/ip/posix/UdpSocket.cpp; sourceTree = SOURCE_ROOT; };
		EC3EF2A96E3B6D7FA4EBDF05 /* ofxLayerManager.cpp */ = {isa = PBXFileReference; explicitFileType = sourcecode.cpp.cpp; fileEncoding = 30; name = ofxLayerManager.cpp; path = ../../../addons/ofxLayer/src/ofxLayerManager.cpp; sourceTree = SOURCE_ROOT; };
		F2DFAC95B3FD50743D4B6F0A /* Pattern.h */ = {isa = PBXFileReference; explicitFileType = sourcecode.c.h; fileEncoding = 30; name = Pattern.h; path = ../../../addons/ofxAnimationPrimitives/src/ofxAnimationPrimitives/Pattern.h; sourceTree = SOURCE_ROOT; };
		F398369B4CDBCC42B3F6D6B9 /* Scene2.h */ = {isa = PBXFileReference; explicitFileType = sourcecode.c.h; fileEncoding = 30; name = Scene2.h; path = src/Scene2.h; sourceTree = SOURCE_ROOT; };
		F4792A9BBBFE2291B95160E0 /* RaiseParticles.h */ = {isa = PBXFileReference; explicitFileType = sourcecode.c.h; fileEncoding = 30; name = RaiseParticles.h; path = src/RaiseParticles.h; sourceTree = SOURCE_ROOT; };
		F4F5B6B8BA2BD52C646ED908 /* OscException.h */ = {isa = PBXFileReference; explicitFileType = sourcecode.c.h; fileEncoding = 30; name = OscException.h; path = ../../../addons/ofxOsc/libs/oscpack/src/osc/OscException.h; sourceTree = SOURCE_ROOT; };
		F5B4E68D68E30941DBA520AC /* SceneManager.h */ = {isa = PBXFileReference; explicitFileType = sourcecode.c.h; fileEncoding = 30; name = SceneManager.h; path = ../../../addons/ofxAnimationPrimitives/src/ofxAnimationPrimitives/SceneManager.h; sourceTree = SOURCE_ROOT; };
		F634AA6CA2E3C60F3B87B59A /* ofxRtMidiIn.cpp */ = {isa = PBXFileReference; explicitFileType = sourcecode.cpp.cpp; fileEncoding = 30; name = ofxRtMidiIn.cpp; path = ../../../addons/ofxMidi/src/desktop/ofxRtMidiIn.cpp; sourceTree = SOURCE_ROOT; };
		F7832BFD5E9E9647428FFEFB /* InstanceManager.h */ = {isa = PBXFileReference; explicitFileType = sourcecode.c.h; fileEncoding = 30; name = InstanceManager.h; path = ../../../addons/ofxAnimationPrimitives/src/ofxAnimationPrimitives/InstanceManager.h; sourceTree = SOURCE_ROOT; };
		F7FBC56859535E597B24BB91 /* NetworkingUtils.h */ = {isa = PBXFileReference; explicitFileType = sourcecode.c.h; fileEncoding = 30; name = NetworkingUtils.h; path = ../../../addons/ofxOsc/libs/oscpack/src/ip/NetworkingUtils.h; sourceTree = SOURCE_ROOT; };
		F897397A1E38570A00E1FBC6 /* L-LineParticle.h */ = {isa = PBXFileReference; lastKnownFileType = sourcecode.c.h; path = "L-LineParticle.h"; sourceTree = "<group>"; };
		F897397B1E38594F00E1FBC6 /* Scene3.h */ = {isa = PBXFileReference; lastKnownFileType = sourcecode.c.h; path = Scene3.h; sourceTree = "<group>"; };
		F897397C1E38832200E1FBC6 /* LineParticles.cpp */ = {isa = PBXFileReference; fileEncoding = 4; lastKnownFileType = sourcecode.cpp.cpp; path = LineParticles.cpp; sourceTree = "<group>"; };
		F897397D1E38832200E1FBC6 /* LineParticles.h */ = {isa = PBXFileReference; fileEncoding = 4; lastKnownFileType = sourcecode.c.h; path = LineParticles.h; sourceTree = "<group>"; };
		FCCA27395E19710B944A6C08 /* Composition.inc.h */ = {isa = PBXFileReference; explicitFileType = sourcecode.c.h; fileEncoding = 30; name = Composition.inc.h; path = ../../../addons/ofxAnimationPrimitives/src/ofxAnimationPrimitives/detail/Composition.inc.h; sourceTree = SOURCE_ROOT; };
		FF2B018E24837032A4878576 /* ofxEasing.h */ = {isa = PBXFileReference; explicitFileType = sourcecode.c.h; fileEncoding = 30; name = ofxEasing.h; path = ../../../addons/ofxEasing/src/ofxEasing.h; sourceTree = SOURCE_ROOT; };
/* End PBXFileReference section */

/* Begin PBXFrameworksBuildPhase section */
		E4B69B590A3A1756003C02F2 /* Frameworks */ = {
			isa = PBXFrameworksBuildPhase;
			buildActionMask = 2147483647;
			files = (
				E4328149138ABC9F0047C5CB /* openFrameworksDebug.a in Frameworks */,
				631702104AFC104323A9EB79 /* CoreMIDI.framework in Frameworks */,
			);
			runOnlyForDeploymentPostprocessing = 0;
		};
/* End PBXFrameworksBuildPhase section */

/* Begin PBXGroup section */
		01611A84401C61CD192F3DBE /* detail */ = {
			isa = PBXGroup;
			children = (
				FCCA27395E19710B944A6C08 /* Composition.inc.h */,
				762CB88F42BA9CABAA232DBC /* coroutine.hpp */,
			);
			name = detail;
			sourceTree = "<group>";
		};
		07675DAF92676B3E2C39469A /* src */ = {
			isa = PBXGroup;
			children = (
				F422C328BCA7C73BCE6B39BF /* ofxAnimationPrimitives */,
				65C18F11B82627EAA879321F /* ofxAnimationPrimitives.h */,
			);
			name = src;
			sourceTree = "<group>";
		};
		0D0595A62FF5ED8D37029107 /* ofxEasing */ = {
			isa = PBXGroup;
			children = (
				E78F8991E56DEF594815BB53 /* src */,
			);
			name = ofxEasing;
			sourceTree = "<group>";
		};
		0F36EE4206A06D1BF710EFEF /* ofxTwistedRibbon */ = {
			isa = PBXGroup;
			children = (
				1B90309B20DA9B5B3B97A8B0 /* src */,
			);
			name = ofxTwistedRibbon;
			sourceTree = "<group>";
		};
		13278D09C626C0BEFE2991F5 /* ofxLayer */ = {
			isa = PBXGroup;
			children = (
				4005975E81285D2DB5773566 /* src */,
			);
			name = ofxLayer;
			sourceTree = "<group>";
		};
		14D2E3EE0233F84B1B324DD9 /* src */ = {
			isa = PBXGroup;
			children = (
				67BFC7F21E824F5A7FAC65E0 /* ofxEasyFft.cpp */,
				CAB67BC7A1CC020FDAC5381B /* ofxEasyFft.h */,
				32CA89CD22339F4F9433CAF6 /* ofxFft.cpp */,
				B36431C04C788FEDB1ECD8FC /* ofxFft.h */,
				CE67198F2891A8FFEA3686E6 /* ofxFftBasic.cpp */,
				7D3BE1A2ADAFC399E7B20A91 /* ofxFftBasic.h */,
				5F353204A917F4B2BCEEABE6 /* ofxFftw.cpp */,
				D8952DEFF3CE56AC1009A996 /* ofxFftw.h */,
				971B530AB93ACC5065D9489E /* ofxProcessFFT.cpp */,
				9A2FCCF1ABF23081D2CD9D5F /* ofxProcessFFT.h */,
			);
			name = src;
			sourceTree = "<group>";
		};
		1B90309B20DA9B5B3B97A8B0 /* src */ = {
			isa = PBXGroup;
			children = (
				88201CDD86313DAF133EDDD1 /* ofxTwistedRibbon.cpp */,
				92288960AB502F1CACECA160 /* ofxTwistedRibbon.h */,
			);
			name = src;
			sourceTree = "<group>";
		};
		1D87296430B0A09AB81EFD7A /* ofxAnimationPrimitives */ = {
			isa = PBXGroup;
			children = (
				07675DAF92676B3E2C39469A /* src */,
			);
			name = ofxAnimationPrimitives;
			sourceTree = "<group>";
		};
		2413C01760B1811BED0F502D /* ofxMidi */ = {
			isa = PBXGroup;
			children = (
				9CBF51184BE294FD9D73043F /* src */,
				5A08CCDC8D19E7162DE57128 /* libs */,
				36D7EC7EF50E326EAC88A0AD /* frameworks */,
			);
			name = ofxMidi;
			sourceTree = "<group>";
		};
		30CB364908817057B430D528 /* osc */ = {
			isa = PBXGroup;
			children = (
				AE335EB4709BFD4671EEAC84 /* MessageMappingOscPacketListener.h */,
				F4F5B6B8BA2BD52C646ED908 /* OscException.h */,
				A2AAA8CA403479E6FCDF920E /* OscHostEndianness.h */,
				63A47AC60FFAFC3BF093EC0F /* OscOutboundPacketStream.cpp */,
				029684CF678F70F6D3537A29 /* OscOutboundPacketStream.h */,
				6B65E6930994CC4B2D2B8B33 /* OscPacketListener.h */,
				BC8881B3C8C0A1C45F042E7A /* OscPrintReceivedElements.cpp */,
				4E95FB446A9C9C6F0DE12D75 /* OscPrintReceivedElements.h */,
				9BF3AA0D4FAA89D0F8A0E545 /* OscReceivedElements.cpp */,
				20F35AFADAF0068B067E713F /* OscReceivedElements.h */,
				D9BFFBBF4CC43DEE890B3C3E /* OscTypes.cpp */,
				C6937888E126BADC8777423B /* OscTypes.h */,
			);
			name = osc;
			sourceTree = "<group>";
		};
		36D7EC7EF50E326EAC88A0AD /* frameworks */ = {
			isa = PBXGroup;
			children = (
				81AC32CCCB56FAABA3E1BDE0 /* CoreMIDI.framework */,
			);
			name = frameworks;
			sourceTree = "<group>";
		};
		38871A5825686AE018EC2BF0 /* libs */ = {
			isa = PBXGroup;
			children = (
				86D2677079A3AF4A5A88E29A /* oscpack */,
			);
			name = libs;
			sourceTree = "<group>";
		};
		3B937D1AAC2AEE277B0C3AD5 /* ofxBillboard */ = {
			isa = PBXGroup;
			children = (
				AF4CE2A6C1D8023EDDD9C67D /* src */,
			);
			name = ofxBillboard;
			sourceTree = "<group>";
		};
		3CD2B0AEE6FE628A91175CDA /* ofxThreadedImageLoader */ = {
			isa = PBXGroup;
			children = (
				F7347CBF7C47F1110E5FA42A /* src */,
			);
			name = ofxThreadedImageLoader;
			sourceTree = "<group>";
		};
		4005975E81285D2DB5773566 /* src */ = {
			isa = PBXGroup;
			children = (
				977ABAFA6C4678804BF29DB8 /* ofxLayer.cpp */,
				82BE59589E15C924AB716707 /* ofxLayer.h */,
				B34B0FB29B91D709F3EF56F7 /* ofxLayerConstants.h */,
				EC3EF2A96E3B6D7FA4EBDF05 /* ofxLayerManager.cpp */,
				1367CDFEBB1F145FE86CDC2E /* ofxLayerManager.h */,
			);
			name = src;
			sourceTree = "<group>";
		};
		4B1386D71C90960380286206 /* src */ = {
			isa = PBXGroup;
			children = (
				31304CCD831EB0FC889D69C9 /* ofxGlobalContext.h */,
			);
			name = src;
			sourceTree = "<group>";
		};
		5A08CCDC8D19E7162DE57128 /* libs */ = {
			isa = PBXGroup;
			children = (
				945CEFADFB0DF400A92A507C /* rtmidi */,
			);
			name = libs;
			sourceTree = "<group>";
		};
		641362CA659FAFEE4E81001B /* posix */ = {
			isa = PBXGroup;
			children = (
				3B361208CD4107E479F04E7B /* NetworkingUtils.cpp */,
				E6DEF695B88BA5FAACEAA937 /* UdpSocket.cpp */,
			);
			name = posix;
			sourceTree = "<group>";
		};
		6948EE371B920CB800B5AC1A /* local_addons */ = {
			isa = PBXGroup;
			children = (
			);
			name = local_addons;
			sourceTree = "<group>";
		};
		72C89FAFAC11F96856792042 /* libs */ = {
			isa = PBXGroup;
			children = (
				A0535D33570F65575182C18F /* fftw */,
				A2C4D2900B6384FDE5E77208 /* kiss */,
			);
			name = libs;
			sourceTree = "<group>";
		};
		80637ECC3E751B6CD7B8B9D9 /* ofxVboParticles */ = {
			isa = PBXGroup;
			children = (
				B6E6C0053FB6A1DEBC0D5320 /* src */,
			);
			name = ofxVboParticles;
			sourceTree = "<group>";
		};
		86D2677079A3AF4A5A88E29A /* oscpack */ = {
			isa = PBXGroup;
			children = (
				D27B2221A225CA523C019676 /* src */,
			);
			name = oscpack;
			sourceTree = "<group>";
		};
		945CEFADFB0DF400A92A507C /* rtmidi */ = {
			isa = PBXGroup;
			children = (
				ABDEF0ACF05BF28F5C74E008 /* RtMidi.cpp */,
				A8793707281FD436C34316A5 /* RtMidi.h */,
			);
			name = rtmidi;
			sourceTree = "<group>";
		};
		99DED6A5D3EDE030B1A80348 /* desktop */ = {
			isa = PBXGroup;
			children = (
				F634AA6CA2E3C60F3B87B59A /* ofxRtMidiIn.cpp */,
				208298154B11456DCD0BE131 /* ofxRtMidiIn.h */,
				712B183BC00EBFFB1EEA5AB8 /* ofxRtMidiOut.cpp */,
				470CF04F1D4D1B38D5AA1797 /* ofxRtMidiOut.h */,
			);
			name = desktop;
			sourceTree = "<group>";
		};
		9CBF51184BE294FD9D73043F /* src */ = {
			isa = PBXGroup;
			children = (
				99DED6A5D3EDE030B1A80348 /* desktop */,
				94B3C3C21F92F9310CA90986 /* ofxBaseMidi.cpp */,
				4310BEFDE24FF04FEBEE8086 /* ofxBaseMidi.h */,
				E238CCDE032640E0FEBFAD82 /* ofxMidi.cpp */,
				05F6CF127D4A621113D4A62F /* ofxMidi.h */,
				938214A2795AA8FED29086DB /* ofxMidiConstants.h */,
				3DD359247F3ED1550D8BB5C9 /* ofxMidiIn.cpp */,
				B76FA489151DBAF1616DF378 /* ofxMidiIn.h */,
				C0E7EDA67EDF213FC0E83D17 /* ofxMidiMessage.cpp */,
				BD0E7AC8BE205034D5B377A6 /* ofxMidiMessage.h */,
				04F77E5C73A62E2E77C78EC6 /* ofxMidiOut.cpp */,
				81436E53CC4A77E326F659C3 /* ofxMidiOut.h */,
				E16BB73D19DD0713FDCC7986 /* ofxMidiTypes.h */,
			);
			name = src;
			sourceTree = "<group>";
		};
		A0535D33570F65575182C18F /* fftw */ = {
			isa = PBXGroup;
			children = (
				F2022DF37286FECB8B9BA5B2 /* include */,
			);
			name = fftw;
			sourceTree = "<group>";
		};
		A15491832FCD72B40A572147 /* src */ = {
			isa = PBXGroup;
			children = (
				40C409F696FE990F95E1B9D3 /* ofxPostGlitch.cpp */,
				67DBED026597C0EE427F0379 /* ofxPostGlitch.h */,
			);
			name = src;
			sourceTree = "<group>";
		};
		A2C4D2900B6384FDE5E77208 /* kiss */ = {
			isa = PBXGroup;
			children = (
				1CBD6F883000C78087DD5738 /* _kiss_fft_guts.h */,
				4B053B6F1252BCFCFF0F59AC /* kiss_fft.c */,
				A6F65D3430FD7E893FFF58F3 /* kiss_fft.h */,
				DACFE8C08D7F4619176E65D7 /* kiss_fftr.c */,
				977E7DDA94E88633BE025A78 /* kiss_fftr.h */,
			);
			name = kiss;
			sourceTree = "<group>";
		};
		AF4CE2A6C1D8023EDDD9C67D /* src */ = {
			isa = PBXGroup;
			children = (
				296FF82C2CE575AB6E91F8D3 /* ofxBillboard.cpp */,
				BD650178CFA2813574ABF1EF /* ofxBillboard.h */,
			);
			name = src;
			sourceTree = "<group>";
		};
		B5889DAB1F852D868A358791 /* src */ = {
			isa = PBXGroup;
			children = (
				C6E6ACBABD11E244A070497C /* ofxRollingCam.cpp */,
				4B809AAB1D4CAF16D81F66DE /* ofxRollingCam.h */,
			);
			name = src;
			sourceTree = "<group>";
		};
		B6E6C0053FB6A1DEBC0D5320 /* src */ = {
			isa = PBXGroup;
			children = (
				7D7B2DAD013E350D4D2FA201 /* ofxVboParticles.cpp */,
				8B8B8D43F194094EB60240A9 /* ofxVboParticles.h */,
			);
			name = src;
			sourceTree = "<group>";
		};
		BB4B014C10F69532006C3DED /* addons */ = {
			isa = PBXGroup;
			children = (
				1D87296430B0A09AB81EFD7A /* ofxAnimationPrimitives */,
				3B937D1AAC2AEE277B0C3AD5 /* ofxBillboard */,
				0D0595A62FF5ED8D37029107 /* ofxEasing */,
				BBC2B4228932C2AACC6701CF /* ofxFft */,
				C036C6A3A63EB095263A4580 /* ofxGlobalContext */,
				13278D09C626C0BEFE2991F5 /* ofxLayer */,
				2413C01760B1811BED0F502D /* ofxMidi */,
				E6053AB7FEC63D5F83825B88 /* ofxOsc */,
				D92A719EC4DFB00CB4A3047D /* ofxPostGlitch */,
				D66DCBBD7AE5E0DE2981DF24 /* ofxRollingCam */,
				3CD2B0AEE6FE628A91175CDA /* ofxThreadedImageLoader */,
				0F36EE4206A06D1BF710EFEF /* ofxTwistedRibbon */,
				80637ECC3E751B6CD7B8B9D9 /* ofxVboParticles */,
			);
			name = addons;
			sourceTree = "<group>";
		};
		BBC2B4228932C2AACC6701CF /* ofxFft */ = {
			isa = PBXGroup;
			children = (
				14D2E3EE0233F84B1B324DD9 /* src */,
				72C89FAFAC11F96856792042 /* libs */,
			);
			name = ofxFft;
			sourceTree = "<group>";
		};
		BD2F1A9F8D0C05EDB29122D0 /* src */ = {
			isa = PBXGroup;
			children = (
				00D6D32B84B099226431108C /* ofxOsc.h */,
				7689F8A0F3D0B7635A8C3104 /* ofxOscArg.h */,
				65EEFA3DA3526E9CDD9C21F9 /* ofxOscBundle.cpp */,
				8B30E93FD3D3475EED522A0E /* ofxOscBundle.h */,
				DF49D76C45D5DB505A234880 /* ofxOscMessage.cpp */,
				C58862C6D212C8E8A83810F4 /* ofxOscMessage.h */,
				0AED834CE4DEC5260AF302A2 /* ofxOscParameterSync.cpp */,
				B31C608870ECEB2490A93736 /* ofxOscParameterSync.h */,
				C2FAC65C491D4231379F3298 /* ofxOscReceiver.cpp */,
				8C75AFC8774A62495DD53464 /* ofxOscReceiver.h */,
				81967292BFC87A0144BD32C6 /* ofxOscSender.cpp */,
				9F7986DC4EB05E75FCE2C777 /* ofxOscSender.h */,
			);
			name = src;
			sourceTree = "<group>";
		};
		C036C6A3A63EB095263A4580 /* ofxGlobalContext */ = {
			isa = PBXGroup;
			children = (
				4B1386D71C90960380286206 /* src */,
			);
			name = ofxGlobalContext;
			sourceTree = "<group>";
		};
		D27B2221A225CA523C019676 /* src */ = {
			isa = PBXGroup;
			children = (
				FF8CDF57858E9B94E3237115 /* ip */,
				30CB364908817057B430D528 /* osc */,
			);
			name = src;
			sourceTree = "<group>";
		};
		D66DCBBD7AE5E0DE2981DF24 /* ofxRollingCam */ = {
			isa = PBXGroup;
			children = (
				B5889DAB1F852D868A358791 /* src */,
			);
			name = ofxRollingCam;
			sourceTree = "<group>";
		};
		D92A719EC4DFB00CB4A3047D /* ofxPostGlitch */ = {
			isa = PBXGroup;
			children = (
				A15491832FCD72B40A572147 /* src */,
			);
			name = ofxPostGlitch;
			sourceTree = "<group>";
		};
		E4328144138ABC890047C5CB /* Products */ = {
			isa = PBXGroup;
			children = (
				E4328148138ABC890047C5CB /* openFrameworksDebug.a */,
			);
			name = Products;
			sourceTree = "<group>";
		};
		E4B69B4A0A3A1720003C02F2 = {
			isa = PBXGroup;
			children = (
				E4B6FCAD0C3E899E008CF71C /* openFrameworks-Info.plist */,
				E4EB6923138AFD0F00A09F29 /* Project.xcconfig */,
				E4B69E1C0A3A1BDC003C02F2 /* src */,
				E4EEC9E9138DF44700A80321 /* openFrameworks */,
				BB4B014C10F69532006C3DED /* addons */,
				6948EE371B920CB800B5AC1A /* local_addons */,
				E4B69B5B0A3A1756003C02F2 /* LiveSet01Debug.app */,
			);
			sourceTree = "<group>";
		};
		E4B69E1C0A3A1BDC003C02F2 /* src */ = {
			isa = PBXGroup;
			children = (
				E4B69E1D0A3A1BDC003C02F2 /* main.cpp */,
				E4B69E1E0A3A1BDC003C02F2 /* ofApp.cpp */,
				E4B69E1F0A3A1BDC003C02F2 /* ofApp.h */,
				97D3070C7725156BB606FC8C /* AttractionParticle.cpp */,
				5316EE4C2D942D6E72455319 /* AttractionParticle.h */,
				C7A40E5429BCB26EB5764F8C /* Context.h */,
				884D7C409E1969A16112E907 /* L-Attraction.h */,
				5CD1EA7A89723FB980E4AF3A /* L-ParticleSystem.h */,
				8E3D4520E423838085FB5C63 /* L-SimpleSphere.h */,
				F897397A1E38570A00E1FBC6 /* L-LineParticle.h */,
				602950C456DF1C4803CB15F7 /* Layer0.h */,
				9BC0C4355A4E837DD67A7094 /* Layers.h */,
				1991F7C61286728A79805701 /* ParticleSystem.cpp */,
				B1C641A334878CC35A2A96EF /* ParticleSystem.h */,
				0BFC10D1B151DFF240C8BDCF /* RaiseParticles.cpp */,
				F4792A9BBBFE2291B95160E0 /* RaiseParticles.h */,
				9B2082C64A4E712462FEE610 /* Scene0.h */,
				18BA419E921FA5E8DA97F58E /* Scene1.h */,
				98FBF656A0A31A86630667F0 /* Scenes.h */,
				F897397B1E38594F00E1FBC6 /* Scene3.h */,
				F398369B4CDBCC42B3F6D6B9 /* Scene2.h */,
				F897397C1E38832200E1FBC6 /* LineParticles.cpp */,
				F897397D1E38832200E1FBC6 /* LineParticles.h */,
			);
			path = src;
			sourceTree = SOURCE_ROOT;
		};
		E4EEC9E9138DF44700A80321 /* openFrameworks */ = {
			isa = PBXGroup;
			children = (
				E4EB691F138AFCF100A09F29 /* CoreOF.xcconfig */,
				E4328143138ABC890047C5CB /* openFrameworksLib.xcodeproj */,
			);
			name = openFrameworks;
			sourceTree = "<group>";
		};
		E6053AB7FEC63D5F83825B88 /* ofxOsc */ = {
			isa = PBXGroup;
			children = (
				BD2F1A9F8D0C05EDB29122D0 /* src */,
				38871A5825686AE018EC2BF0 /* libs */,
			);
			name = ofxOsc;
			sourceTree = "<group>";
		};
		E78F8991E56DEF594815BB53 /* src */ = {
			isa = PBXGroup;
			children = (
				528CB0EB22F0A199A5F479D5 /* easing_terms_of_use.html */,
				FF2B018E24837032A4878576 /* ofxEasing.h */,
			);
			name = src;
			sourceTree = "<group>";
		};
		F2022DF37286FECB8B9BA5B2 /* include */ = {
			isa = PBXGroup;
			children = (
				2D0C0AA4436B2A16530BA991 /* fftw3.h */,
			);
			name = include;
			sourceTree = "<group>";
		};
		F422C328BCA7C73BCE6B39BF /* ofxAnimationPrimitives */ = {
			isa = PBXGroup;
			children = (
				1D59D0A0F46828BE60C71ECD /* CommandQueue.h */,
				40274C8AE6138567094470F5 /* Composition.h */,
				25CF3E550020842DDA46C590 /* Constants.h */,
				01611A84401C61CD192F3DBE /* detail */,
				53F9B696448F8A656854CB7F /* Easing.h */,
				D0DC8E0DF2505697F74B2264 /* Generator.h */,
				F7832BFD5E9E9647428FFEFB /* InstanceManager.h */,
				12EEE9D27CE619A16C1F8B08 /* Lerp.h */,
				F2DFAC95B3FD50743D4B6F0A /* Pattern.h */,
				2C8FF4C0B8B4E24FF783BD26 /* Replicator.h */,
				F5B4E68D68E30941DBA520AC /* SceneManager.h */,
				145845FA20EB70D19C0CA052 /* Sequence.h */,
				C58955CEE50C54B0F1A581A6 /* Timer.cpp */,
				01DC02385ED914C64F7493E2 /* Timer.h */,
			);
			name = ofxAnimationPrimitives;
			sourceTree = "<group>";
		};
		F7347CBF7C47F1110E5FA42A /* src */ = {
			isa = PBXGroup;
			children = (
				45B576A8B106CBE71564781C /* ofxThreadedImageLoader.cpp */,
				258BD733949A19E1F0702FFA /* ofxThreadedImageLoader.h */,
			);
			name = src;
			sourceTree = "<group>";
		};
		FF8CDF57858E9B94E3237115 /* ip */ = {
			isa = PBXGroup;
			children = (
				ADD194746185E2DA11468377 /* IpEndpointName.cpp */,
				48974F980F51769171D0B2F5 /* IpEndpointName.h */,
				F7FBC56859535E597B24BB91 /* NetworkingUtils.h */,
				23640F57DF6C4BB6BFC5DA4C /* PacketListener.h */,
				641362CA659FAFEE4E81001B /* posix */,
				444657A12E59D0ED86981498 /* TimerListener.h */,
				2FD4B0329909D3527F003494 /* UdpSocket.h */,
			);
			name = ip;
			sourceTree = "<group>";
		};
/* End PBXGroup section */

/* Begin PBXNativeTarget section */
		E4B69B5A0A3A1756003C02F2 /* LiveSet02 */ = {
			isa = PBXNativeTarget;
			buildConfigurationList = E4B69B5F0A3A1757003C02F2 /* Build configuration list for PBXNativeTarget "LiveSet02" */;
			buildPhases = (
				E4B69B580A3A1756003C02F2 /* Sources */,
				E4B69B590A3A1756003C02F2 /* Frameworks */,
				E4B6FFFD0C3F9AB9008CF71C /* ShellScript */,
				E4C2427710CC5ABF004149E2 /* CopyFiles */,
			);
			buildRules = (
			);
			dependencies = (
				E4EEB9AC138B136A00A80321 /* PBXTargetDependency */,
			);
			name = LiveSet02;
			productName = myOFApp;
			productReference = E4B69B5B0A3A1756003C02F2 /* LiveSet01Debug.app */;
			productType = "com.apple.product-type.application";
		};
/* End PBXNativeTarget section */

/* Begin PBXProject section */
		E4B69B4C0A3A1720003C02F2 /* Project object */ = {
			isa = PBXProject;
			attributes = {
				LastUpgradeCheck = 0600;
			};
			buildConfigurationList = E4B69B4D0A3A1720003C02F2 /* Build configuration list for PBXProject "LiveSet02" */;
			compatibilityVersion = "Xcode 3.2";
			developmentRegion = English;
			hasScannedForEncodings = 0;
			knownRegions = (
				English,
				Japanese,
				French,
				German,
			);
			mainGroup = E4B69B4A0A3A1720003C02F2;
			productRefGroup = E4B69B4A0A3A1720003C02F2;
			projectDirPath = "";
			projectReferences = (
				{
					ProductGroup = E4328144138ABC890047C5CB /* Products */;
					ProjectRef = E4328143138ABC890047C5CB /* openFrameworksLib.xcodeproj */;
				},
			);
			projectRoot = "";
			targets = (
				E4B69B5A0A3A1756003C02F2 /* LiveSet02 */,
			);
		};
/* End PBXProject section */

/* Begin PBXReferenceProxy section */
		E4328148138ABC890047C5CB /* openFrameworksDebug.a */ = {
			isa = PBXReferenceProxy;
			fileType = archive.ar;
			path = openFrameworksDebug.a;
			remoteRef = E4328147138ABC890047C5CB /* PBXContainerItemProxy */;
			sourceTree = BUILT_PRODUCTS_DIR;
		};
/* End PBXReferenceProxy section */

/* Begin PBXShellScriptBuildPhase section */
		E4B6FFFD0C3F9AB9008CF71C /* ShellScript */ = {
			isa = PBXShellScriptBuildPhase;
			buildActionMask = 2147483647;
			files = (
			);
			inputPaths = (
			);
			outputPaths = (
			);
			runOnlyForDeploymentPostprocessing = 0;
			shellPath = /bin/sh;
			shellScript = "mkdir -p \"$TARGET_BUILD_DIR/$PRODUCT_NAME.app/Contents/Resources/\"\n# Copy default icon file into App/Resources\nrsync -aved \"$ICON_FILE\" \"$TARGET_BUILD_DIR/$PRODUCT_NAME.app/Contents/Resources/\"\n# Copy libfmod and change install directory for fmod to run\nrsync -aved ../../../libs/fmodex/lib/osx/libfmodex.dylib \"$TARGET_BUILD_DIR/$PRODUCT_NAME.app/Contents/Frameworks/\";\ninstall_name_tool -change @executable_path/libfmodex.dylib @executable_path/../Frameworks/libfmodex.dylib \"$TARGET_BUILD_DIR/$PRODUCT_NAME.app/Contents/MacOS/$PRODUCT_NAME\";\n# Copy GLUT framework (must remove for AppStore submissions)\nrsync -aved ../../../libs/glut/lib/osx/GLUT.framework \"$TARGET_BUILD_DIR/$PRODUCT_NAME.app/Contents/Frameworks/\"\n";
		};
/* End PBXShellScriptBuildPhase section */

/* Begin PBXSourcesBuildPhase section */
		E4B69B580A3A1756003C02F2 /* Sources */ = {
			isa = PBXSourcesBuildPhase;
			buildActionMask = 2147483647;
			files = (
				E4B69E200A3A1BDC003C02F2 /* main.cpp in Sources */,
				E4B69E210A3A1BDC003C02F2 /* ofApp.cpp in Sources */,
				9DBAF4DCB2702F7B7F058D8E /* AttractionParticle.cpp in Sources */,
				A72EABDFCED72E8728E5B8A9 /* ParticleSystem.cpp in Sources */,
				404E7E04CB1FD3F8232705AD /* RaiseParticles.cpp in Sources */,
				4A148DA231762B6E6A85CE1A /* Timer.cpp in Sources */,
				3679F1563AA32D95AA1B84C0 /* ofxBillboard.cpp in Sources */,
				08C23182D394C53F6ECE6CCC /* easing_terms_of_use.html in Sources */,
				7A61C288AE942E5885881232 /* ofxEasyFft.cpp in Sources */,
				D409288D137DB82107887FFD /* ofxFft.cpp in Sources */,
				007F713E619B81D821BEA319 /* ofxFftBasic.cpp in Sources */,
				29938E05AF78B3DF7A591187 /* ofxFftw.cpp in Sources */,
				47741AD4D543009E4DF29CEA /* ofxProcessFFT.cpp in Sources */,
				0686C38EE993C67B96002FA1 /* kiss_fft.c in Sources */,
				6DB9E3911BA6216FE1F0E91C /* kiss_fftr.c in Sources */,
				B5572EC2F662E2162FC19B1F /* ofxLayer.cpp in Sources */,
				D1BBBFBA2B93F0C4A67651D9 /* ofxLayerManager.cpp in Sources */,
				BCC8D420CBA9217E437D2D76 /* ofxRtMidiIn.cpp in Sources */,
				3AEFE4FA8AD5C72671AD07F8 /* ofxRtMidiOut.cpp in Sources */,
				1A86B7721CAEBC6F1C572C45 /* ofxBaseMidi.cpp in Sources */,
				63F9FE1D90234FA6DE6F509E /* ofxMidi.cpp in Sources */,
				0BFC9C20FD7E3C8D5873AA97 /* ofxMidiIn.cpp in Sources */,
				C6FE64F74F1EA1D98C8F9847 /* ofxMidiMessage.cpp in Sources */,
				83D9F930112E0944444124EE /* ofxMidiOut.cpp in Sources */,
				63D0FD8734D5760B8080C901 /* RtMidi.cpp in Sources */,
				F897397E1E38832200E1FBC6 /* LineParticles.cpp in Sources */,
				72A929D3561B8232A182ABFC /* ofxOscBundle.cpp in Sources */,
				5864AD82E20F15536D054EA3 /* ofxOscMessage.cpp in Sources */,
				4ADB88E2FB52E76A471065DE /* ofxOscParameterSync.cpp in Sources */,
				640279EE111671BD026CB013 /* ofxOscReceiver.cpp in Sources */,
				8F5205AEF8861EF234F0651A /* ofxOscSender.cpp in Sources */,
				ADE367465D2A8EBAD4C7A8D9 /* IpEndpointName.cpp in Sources */,
				67FE4C7B15C2F0478C8126C2 /* NetworkingUtils.cpp in Sources */,
				510CAFE035E576A4E1502D52 /* UdpSocket.cpp in Sources */,
				62545D179C94265CA1389D4A /* OscOutboundPacketStream.cpp in Sources */,
				C4782ECC372420ACE0615B74 /* OscPrintReceivedElements.cpp in Sources */,
				0546D1A38E13BD319CC9755B /* OscReceivedElements.cpp in Sources */,
				879A251454401BC0B6E4F238 /* OscTypes.cpp in Sources */,
				F6E7D6C01B3F2E112EB0533D /* ofxPostGlitch.cpp in Sources */,
				1DC46FEBBD752B1B5E3799D5 /* ofxRollingCam.cpp in Sources */,
				EC26F225D807F4F069405924 /* ofxThreadedImageLoader.cpp in Sources */,
				4A9A21E8FF2F9966A3C03A3A /* ofxTwistedRibbon.cpp in Sources */,
				D69A3D69175723C53F4A4740 /* ofxVboParticles.cpp in Sources */,
			);
			runOnlyForDeploymentPostprocessing = 0;
		};
/* End PBXSourcesBuildPhase section */

/* Begin PBXTargetDependency section */
		E4EEB9AC138B136A00A80321 /* PBXTargetDependency */ = {
			isa = PBXTargetDependency;
			name = openFrameworks;
			targetProxy = E4EEB9AB138B136A00A80321 /* PBXContainerItemProxy */;
		};
/* End PBXTargetDependency section */

/* Begin XCBuildConfiguration section */
		E4B69B4E0A3A1720003C02F2 /* Debug */ = {
			isa = XCBuildConfiguration;
			baseConfigurationReference = E4EB6923138AFD0F00A09F29 /* Project.xcconfig */;
			buildSettings = {
				CONFIGURATION_BUILD_DIR = "$(SRCROOT)/bin/";
				COPY_PHASE_STRIP = NO;
				DEAD_CODE_STRIPPING = YES;
				GCC_AUTO_VECTORIZATION = YES;
				GCC_ENABLE_SSE3_EXTENSIONS = YES;
				GCC_ENABLE_SUPPLEMENTAL_SSE3_INSTRUCTIONS = YES;
				GCC_INLINES_ARE_PRIVATE_EXTERN = NO;
				GCC_OPTIMIZATION_LEVEL = 0;
				GCC_SYMBOLS_PRIVATE_EXTERN = NO;
				GCC_WARN_ABOUT_DEPRECATED_FUNCTIONS = YES;
				GCC_WARN_ABOUT_INVALID_OFFSETOF_MACRO = NO;
				GCC_WARN_ALLOW_INCOMPLETE_PROTOCOL = NO;
				GCC_WARN_UNINITIALIZED_AUTOS = NO;
				GCC_WARN_UNUSED_VALUE = NO;
				GCC_WARN_UNUSED_VARIABLE = NO;
				HEADER_SEARCH_PATHS = (
					"$(OF_CORE_HEADERS)",
					src,
					../../../addons/ofxAnimationPrimitives/src,
					../../../addons/ofxAnimationPrimitives/src/ofxAnimationPrimitives,
					../../../addons/ofxAnimationPrimitives/src/ofxAnimationPrimitives/detail,
					../../../addons/ofxBillboard/src,
					../../../addons/ofxEasing/src,
					../../../addons/ofxFft/libs,
					../../../addons/ofxFft/libs/fftw,
					../../../addons/ofxFft/libs/fftw/include,
					../../../addons/ofxFft/libs/fftw/lib,
					../../../addons/ofxFft/libs/kiss,
					../../../addons/ofxFft/src,
					../../../addons/ofxGlobalContext/src,
					../../../addons/ofxLayer/src,
					../../../addons/ofxMidi/libs,
					../../../addons/ofxMidi/libs/pgmidi,
					../../../addons/ofxMidi/libs/rtmidi,
					../../../addons/ofxMidi/src,
					../../../addons/ofxMidi/src/desktop,
					../../../addons/ofxMidi/src/ios,
					../../../addons/ofxOsc/libs,
					../../../addons/ofxOsc/libs/oscpack,
					../../../addons/ofxOsc/libs/oscpack/src,
					../../../addons/ofxOsc/libs/oscpack/src/ip,
					../../../addons/ofxOsc/libs/oscpack/src/ip/posix,
					../../../addons/ofxOsc/libs/oscpack/src/ip/win32,
					../../../addons/ofxOsc/libs/oscpack/src/osc,
					../../../addons/ofxOsc/src,
					../../../addons/ofxPostGlitch/src,
					../../../addons/ofxRollingCam/src,
					../../../addons/ofxThreadedImageLoader/src,
					../../../addons/ofxTwistedRibbon/src,
					../../../addons/ofxVboParticles/src,
				);
				MACOSX_DEPLOYMENT_TARGET = 10.8;
				ONLY_ACTIVE_ARCH = YES;
				OTHER_CPLUSPLUSFLAGS = (
					"-D__MACOSX_CORE__",
					"-mtune=native",
				);
				SDKROOT = macosx;
			};
			name = Debug;
		};
		E4B69B4F0A3A1720003C02F2 /* Release */ = {
			isa = XCBuildConfiguration;
			baseConfigurationReference = E4EB6923138AFD0F00A09F29 /* Project.xcconfig */;
			buildSettings = {
				CONFIGURATION_BUILD_DIR = "$(SRCROOT)/bin/";
				COPY_PHASE_STRIP = YES;
				DEAD_CODE_STRIPPING = YES;
				GCC_AUTO_VECTORIZATION = YES;
				GCC_ENABLE_SSE3_EXTENSIONS = YES;
				GCC_ENABLE_SUPPLEMENTAL_SSE3_INSTRUCTIONS = YES;
				GCC_INLINES_ARE_PRIVATE_EXTERN = NO;
				GCC_OPTIMIZATION_LEVEL = 3;
				GCC_SYMBOLS_PRIVATE_EXTERN = NO;
				GCC_UNROLL_LOOPS = YES;
				GCC_WARN_ABOUT_DEPRECATED_FUNCTIONS = YES;
				GCC_WARN_ABOUT_INVALID_OFFSETOF_MACRO = NO;
				GCC_WARN_ALLOW_INCOMPLETE_PROTOCOL = NO;
				GCC_WARN_UNINITIALIZED_AUTOS = NO;
				GCC_WARN_UNUSED_VALUE = NO;
				GCC_WARN_UNUSED_VARIABLE = NO;
				HEADER_SEARCH_PATHS = (
					"$(OF_CORE_HEADERS)",
					src,
					../../../addons/ofxAnimationPrimitives/src,
					../../../addons/ofxAnimationPrimitives/src/ofxAnimationPrimitives,
					../../../addons/ofxAnimationPrimitives/src/ofxAnimationPrimitives/detail,
					../../../addons/ofxBillboard/src,
					../../../addons/ofxEasing/src,
					../../../addons/ofxFft/libs,
					../../../addons/ofxFft/libs/fftw,
					../../../addons/ofxFft/libs/fftw/include,
					../../../addons/ofxFft/libs/fftw/lib,
					../../../addons/ofxFft/libs/kiss,
					../../../addons/ofxFft/src,
					../../../addons/ofxGlobalContext/src,
					../../../addons/ofxLayer/src,
					../../../addons/ofxMidi/libs,
					../../../addons/ofxMidi/libs/pgmidi,
					../../../addons/ofxMidi/libs/rtmidi,
					../../../addons/ofxMidi/src,
					../../../addons/ofxMidi/src/desktop,
					../../../addons/ofxMidi/src/ios,
					../../../addons/ofxOsc/libs,
					../../../addons/ofxOsc/libs/oscpack,
					../../../addons/ofxOsc/libs/oscpack/src,
					../../../addons/ofxOsc/libs/oscpack/src/ip,
					../../../addons/ofxOsc/libs/oscpack/src/ip/posix,
					../../../addons/ofxOsc/libs/oscpack/src/ip/win32,
					../../../addons/ofxOsc/libs/oscpack/src/osc,
					../../../addons/ofxOsc/src,
					../../../addons/ofxPostGlitch/src,
					../../../addons/ofxRollingCam/src,
					../../../addons/ofxThreadedImageLoader/src,
					../../../addons/ofxTwistedRibbon/src,
					../../../addons/ofxVboParticles/src,
				);
				MACOSX_DEPLOYMENT_TARGET = 10.8;
				OTHER_CPLUSPLUSFLAGS = (
					"-D__MACOSX_CORE__",
					"-mtune=native",
				);
				SDKROOT = macosx;
			};
			name = Release;
		};
		E4B69B600A3A1757003C02F2 /* Debug */ = {
			isa = XCBuildConfiguration;
			baseConfigurationReference = E4EB6923138AFD0F00A09F29 /* Project.xcconfig */;
			buildSettings = {
				COMBINE_HIDPI_IMAGES = YES;
				COPY_PHASE_STRIP = NO;
				FRAMEWORK_SEARCH_PATHS = (
					"$(inherited)",
					"$(FRAMEWORK_SEARCH_PATHS_QUOTED_FOR_TARGET_1)",
					/System/Library/Frameworks,
				);
				FRAMEWORK_SEARCH_PATHS_QUOTED_FOR_TARGET_1 = "\"$(SRCROOT)/../../../libs/glut/lib/osx\"";
				GCC_DYNAMIC_NO_PIC = NO;
				GCC_GENERATE_DEBUGGING_SYMBOLS = YES;
				GCC_MODEL_TUNING = NONE;
				HEADER_SEARCH_PATHS = (
					"$(OF_CORE_HEADERS)",
					src,
					../../../addons/ofxAnimationPrimitives/src,
					../../../addons/ofxAnimationPrimitives/src/ofxAnimationPrimitives,
					../../../addons/ofxAnimationPrimitives/src/ofxAnimationPrimitives/detail,
					../../../addons/ofxBillboard/src,
					../../../addons/ofxEasing/src,
					../../../addons/ofxFft/libs,
					../../../addons/ofxFft/libs/fftw,
					../../../addons/ofxFft/libs/fftw/include,
					../../../addons/ofxFft/libs/fftw/lib,
					../../../addons/ofxFft/libs/kiss,
					../../../addons/ofxFft/src,
					../../../addons/ofxGlobalContext/src,
					../../../addons/ofxLayer/src,
					../../../addons/ofxMidi/libs,
					../../../addons/ofxMidi/libs/pgmidi,
					../../../addons/ofxMidi/libs/rtmidi,
					../../../addons/ofxMidi/src,
					../../../addons/ofxMidi/src/desktop,
					../../../addons/ofxMidi/src/ios,
					../../../addons/ofxOsc/libs,
					../../../addons/ofxOsc/libs/oscpack,
					../../../addons/ofxOsc/libs/oscpack/src,
					../../../addons/ofxOsc/libs/oscpack/src/ip,
					../../../addons/ofxOsc/libs/oscpack/src/ip/posix,
					../../../addons/ofxOsc/libs/oscpack/src/ip/win32,
					../../../addons/ofxOsc/libs/oscpack/src/osc,
					../../../addons/ofxOsc/src,
					../../../addons/ofxPostGlitch/src,
					../../../addons/ofxRollingCam/src,
					../../../addons/ofxThreadedImageLoader/src,
					../../../addons/ofxTwistedRibbon/src,
					../../../addons/ofxVboParticles/src,
				);
				ICON = "$(ICON_NAME_DEBUG)";
				ICON_FILE = "$(ICON_FILE_PATH)$(ICON)";
				INFOPLIST_FILE = "openFrameworks-Info.plist";
				INSTALL_PATH = /Applications;
				LIBRARY_SEARCH_PATHS = "$(inherited)";
				PRODUCT_NAME = LiveSet02Debug;
				WRAPPER_EXTENSION = app;
			};
			name = Debug;
		};
		E4B69B610A3A1757003C02F2 /* Release */ = {
			isa = XCBuildConfiguration;
			baseConfigurationReference = E4EB6923138AFD0F00A09F29 /* Project.xcconfig */;
			buildSettings = {
				COMBINE_HIDPI_IMAGES = YES;
				COPY_PHASE_STRIP = YES;
				FRAMEWORK_SEARCH_PATHS = (
					"$(inherited)",
					"$(FRAMEWORK_SEARCH_PATHS_QUOTED_FOR_TARGET_1)",
					/System/Library/Frameworks,
				);
				FRAMEWORK_SEARCH_PATHS_QUOTED_FOR_TARGET_1 = "\"$(SRCROOT)/../../../libs/glut/lib/osx\"";
				GCC_GENERATE_DEBUGGING_SYMBOLS = YES;
				GCC_MODEL_TUNING = NONE;
				HEADER_SEARCH_PATHS = (
					"$(OF_CORE_HEADERS)",
					src,
					../../../addons/ofxAnimationPrimitives/src,
					../../../addons/ofxAnimationPrimitives/src/ofxAnimationPrimitives,
					../../../addons/ofxAnimationPrimitives/src/ofxAnimationPrimitives/detail,
					../../../addons/ofxBillboard/src,
					../../../addons/ofxEasing/src,
					../../../addons/ofxFft/libs,
					../../../addons/ofxFft/libs/fftw,
					../../../addons/ofxFft/libs/fftw/include,
					../../../addons/ofxFft/libs/fftw/lib,
					../../../addons/ofxFft/libs/kiss,
					../../../addons/ofxFft/src,
					../../../addons/ofxGlobalContext/src,
					../../../addons/ofxLayer/src,
					../../../addons/ofxMidi/libs,
					../../../addons/ofxMidi/libs/pgmidi,
					../../../addons/ofxMidi/libs/rtmidi,
					../../../addons/ofxMidi/src,
					../../../addons/ofxMidi/src/desktop,
					../../../addons/ofxMidi/src/ios,
					../../../addons/ofxOsc/libs,
					../../../addons/ofxOsc/libs/oscpack,
					../../../addons/ofxOsc/libs/oscpack/src,
					../../../addons/ofxOsc/libs/oscpack/src/ip,
					../../../addons/ofxOsc/libs/oscpack/src/ip/posix,
					../../../addons/ofxOsc/libs/oscpack/src/ip/win32,
					../../../addons/ofxOsc/libs/oscpack/src/osc,
					../../../addons/ofxOsc/src,
					../../../addons/ofxPostGlitch/src,
					../../../addons/ofxRollingCam/src,
					../../../addons/ofxThreadedImageLoader/src,
					../../../addons/ofxTwistedRibbon/src,
					../../../addons/ofxVboParticles/src,
				);
				ICON = "$(ICON_NAME_RELEASE)";
				ICON_FILE = "$(ICON_FILE_PATH)$(ICON)";
				INFOPLIST_FILE = "openFrameworks-Info.plist";
				INSTALL_PATH = /Applications;
				LIBRARY_SEARCH_PATHS = "$(inherited)";
				PRODUCT_NAME = LiveSet02Debug;
				WRAPPER_EXTENSION = app;
				baseConfigurationReference = E4EB6923138AFD0F00A09F29;
			};
			name = Release;
		};
/* End XCBuildConfiguration section */

/* Begin XCConfigurationList section */
		E4B69B4D0A3A1720003C02F2 /* Build configuration list for PBXProject "LiveSet02" */ = {
			isa = XCConfigurationList;
			buildConfigurations = (
				E4B69B4E0A3A1720003C02F2 /* Debug */,
				E4B69B4F0A3A1720003C02F2 /* Release */,
			);
			defaultConfigurationIsVisible = 0;
			defaultConfigurationName = Release;
		};
		E4B69B5F0A3A1757003C02F2 /* Build configuration list for PBXNativeTarget "LiveSet02" */ = {
			isa = XCConfigurationList;
			buildConfigurations = (
				E4B69B600A3A1757003C02F2 /* Debug */,
				E4B69B610A3A1757003C02F2 /* Release */,
			);
			defaultConfigurationIsVisible = 0;
			defaultConfigurationName = Release;
		};
/* End XCConfigurationList section */
	};
	rootObject = E4B69B4C0A3A1720003C02F2 /* Project object */;
}
